
Microsoft Visual Studio Solution File, Format Version 12.00
# Visual Studio Version 17
VisualStudioVersion = 17.3.32901.215
MinimumVisualStudioVersion = 10.0.40219.1
Project("{FAE04EC0-301F-11D3-BF4B-00C04F79EFBC}") = "Distancia entre 2 puntos - Luis Anguiano", "Distancia entre 2 puntos - Luis Anguiano\Distancia entre 2 puntos - Luis Anguiano.csproj", "{14084706-1372-4752-8C06-8A2E144BE1DD}"
EndProject
Global
	GlobalSection(SolutionConfigurationPlatforms) = preSolution
		Debug|Any CPU = Debug|Any CPU
		Release|Any CPU = Release|Any CPU
	EndGlobalSection
	GlobalSection(ProjectConfigurationPlatforms) = postSolution
		{14084706-1372-4752-8C06-8A2E144BE1DD}.Debug|Any CPU.ActiveCfg = Debug|Any CPU
		{14084706-1372-4752-8C06-8A2E144BE1DD}.Debug|Any CPU.Build.0 = Debug|Any CPU
		{14084706-1372-4752-8C06-8A2E144BE1DD}.Release|Any CPU.ActiveCfg = Release|Any CPU
		{14084706-1372-4752-8C06-8A2E144BE1DD}.Release|Any CPU.Build.0 = Release|Any CPU
	EndGlobalSection
	GlobalSection(SolutionProperties) = preSolution
		HideSolutionNode = FALSE
	EndGlobalSection
	GlobalSection(ExtensibilityGlobals) = postSolution
		SolutionGuid = {7C3C4DDB-B4CD-4875-9A99-4AAF96FD1E49}
	EndGlobalSection
EndGlobal
